
Microsoft Visual Studio Solution File, Format Version 12.00
# Visual Studio 15
VisualStudioVersion = 15.0.27130.2024
MinimumVisualStudioVersion = 10.0.40219.1
Project("{FAE04EC0-301F-11D3-BF4B-00C04F79EFBC}") = "Compress", "Compress\Compress.csproj", "{C30EE098-15D3-40D8-90F6-465D924D9987}"
EndProject
Project("{FAE04EC0-301F-11D3-BF4B-00C04F79EFBC}") = "RVIO", "RVIO\RVIO.csproj", "{FF8A7A0A-6319-49E0-A6E6-DF3754BFFDD1}"
EndProject
Project("{FAE04EC0-301F-11D3-BF4B-00C04F79EFBC}") = "Trrntzip", "trrntzip\Trrntzip.csproj", "{21822412-A4CE-4A55-BD41-AAEA753753F1}"
EndProject
Project("{FAE04EC0-301F-11D3-BF4B-00C04F79EFBC}") = "TrrntZipUI", "TrrntZipUI\TrrntZipUI.csproj", "{BEC3CB3D-0E37-4857-89D7-17C20EF440EB}"
EndProject
Project("{FAE04EC0-301F-11D3-BF4B-00C04F79EFBC}") = "DATReader", "DATReader\DATReader.csproj", "{2FFD495B-2ECA-49A5-983B-F2E10D64830E}"
EndProject
Project("{FAE04EC0-301F-11D3-BF4B-00C04F79EFBC}") = "Dir2Dat", "Dir2Dat\Dir2Dat.csproj", "{A5A7480D-94AE-499F-B2E9-ACE1FAD2D54C}"
EndProject
Project("{FAE04EC0-301F-11D3-BF4B-00C04F79EFBC}") = "FileHeaderReader", "FileHeaderReader\FileHeaderReader.csproj", "{8A90A6CF-F673-4633-829A-8484EFDF14FE}"
EndProject
Project("{FAE04EC0-301F-11D3-BF4B-00C04F79EFBC}") = "TrrntZipCMD", "TrrntZipCMD\TrrntZipCMD.csproj", "{68E9ABE4-313F-4345-9A8E-6E80289651C5}"
EndProject
Global
	GlobalSection(SolutionConfigurationPlatforms) = preSolution
		Debug|Any CPU = Debug|Any CPU
		Debug|x64 = Debug|x64
		Debug|x86 = Debug|x86
		Release|Any CPU = Release|Any CPU
		Release|x64 = Release|x64
		Release|x86 = Release|x86
	EndGlobalSection
	GlobalSection(ProjectConfigurationPlatforms) = postSolution
		{C30EE098-15D3-40D8-90F6-465D924D9987}.Debug|Any CPU.ActiveCfg = Debug|Any CPU
		{C30EE098-15D3-40D8-90F6-465D924D9987}.Debug|Any CPU.Build.0 = Debug|Any CPU
		{C30EE098-15D3-40D8-90F6-465D924D9987}.Debug|x64.ActiveCfg = Debug|Any CPU
		{C30EE098-15D3-40D8-90F6-465D924D9987}.Debug|x64.Build.0 = Debug|Any CPU
		{C30EE098-15D3-40D8-90F6-465D924D9987}.Debug|x86.ActiveCfg = Debug|Any CPU
		{C30EE098-15D3-40D8-90F6-465D924D9987}.Debug|x86.Build.0 = Debug|Any CPU
		{C30EE098-15D3-40D8-90F6-465D924D9987}.Release|Any CPU.ActiveCfg = Release|Any CPU
		{C30EE098-15D3-40D8-90F6-465D924D9987}.Release|Any CPU.Build.0 = Release|Any CPU
		{C30EE098-15D3-40D8-90F6-465D924D9987}.Release|x64.ActiveCfg = Release|Any CPU
		{C30EE098-15D3-40D8-90F6-465D924D9987}.Release|x64.Build.0 = Release|Any CPU
		{C30EE098-15D3-40D8-90F6-465D924D9987}.Release|x86.ActiveCfg = Release|Any CPU
		{C30EE098-15D3-40D8-90F6-465D924D9987}.Release|x86.Build.0 = Release|Any CPU
		{FF8A7A0A-6319-49E0-A6E6-DF3754BFFDD1}.Debug|Any CPU.ActiveCfg = Debug|Any CPU
		{FF8A7A0A-6319-49E0-A6E6-DF3754BFFDD1}.Debug|Any CPU.Build.0 = Debug|Any CPU
		{FF8A7A0A-6319-49E0-A6E6-DF3754BFFDD1}.Debug|x64.ActiveCfg = Debug|Any CPU
		{FF8A7A0A-6319-49E0-A6E6-DF3754BFFDD1}.Debug|x64.Build.0 = Debug|Any CPU
		{FF8A7A0A-6319-49E0-A6E6-DF3754BFFDD1}.Debug|x86.ActiveCfg = Debug|Any CPU
		{FF8A7A0A-6319-49E0-A6E6-DF3754BFFDD1}.Debug|x86.Build.0 = Debug|Any CPU
		{FF8A7A0A-6319-49E0-A6E6-DF3754BFFDD1}.Release|Any CPU.ActiveCfg = Release|Any CPU
		{FF8A7A0A-6319-49E0-A6E6-DF3754BFFDD1}.Release|Any CPU.Build.0 = Release|Any CPU
		{FF8A7A0A-6319-49E0-A6E6-DF3754BFFDD1}.Release|x64.ActiveCfg = Release|Any CPU
		{FF8A7A0A-6319-49E0-A6E6-DF3754BFFDD1}.Release|x64.Build.0 = Release|Any CPU
		{FF8A7A0A-6319-49E0-A6E6-DF3754BFFDD1}.Release|x86.ActiveCfg = Release|Any CPU
		{FF8A7A0A-6319-49E0-A6E6-DF3754BFFDD1}.Release|x86.Build.0 = Release|Any CPU
		{21822412-A4CE-4A55-BD41-AAEA753753F1}.Debug|Any CPU.ActiveCfg = Debug|Any CPU
		{21822412-A4CE-4A55-BD41-AAEA753753F1}.Debug|Any CPU.Build.0 = Debug|Any CPU
		{21822412-A4CE-4A55-BD41-AAEA753753F1}.Debug|x64.ActiveCfg = Debug|Any CPU
		{21822412-A4CE-4A55-BD41-AAEA753753F1}.Debug|x64.Build.0 = Debug|Any CPU
		{21822412-A4CE-4A55-BD41-AAEA753753F1}.Debug|x86.ActiveCfg = Debug|Any CPU
		{21822412-A4CE-4A55-BD41-AAEA753753F1}.Debug|x86.Build.0 = Debug|Any CPU
		{21822412-A4CE-4A55-BD41-AAEA753753F1}.Release|Any CPU.ActiveCfg = Release|Any CPU
		{21822412-A4CE-4A55-BD41-AAEA753753F1}.Release|Any CPU.Build.0 = Release|Any CPU
		{21822412-A4CE-4A55-BD41-AAEA753753F1}.Release|x64.ActiveCfg = Release|Any CPU
		{21822412-A4CE-4A55-BD41-AAEA753753F1}.Release|x64.Build.0 = Release|Any CPU
		{21822412-A4CE-4A55-BD41-AAEA753753F1}.Release|x86.ActiveCfg = Release|Any CPU
		{21822412-A4CE-4A55-BD41-AAEA753753F1}.Release|x86.Build.0 = Release|Any CPU
		{BEC3CB3D-0E37-4857-89D7-17C20EF440EB}.Debug|Any CPU.ActiveCfg = Debug|Any CPU
		{BEC3CB3D-0E37-4857-89D7-17C20EF440EB}.Debug|Any CPU.Build.0 = Debug|Any CPU
		{BEC3CB3D-0E37-4857-89D7-17C20EF440EB}.Debug|x64.ActiveCfg = Debug|Any CPU
		{BEC3CB3D-0E37-4857-89D7-17C20EF440EB}.Debug|x64.Build.0 = Debug|Any CPU
		{BEC3CB3D-0E37-4857-89D7-17C20EF440EB}.Debug|x86.ActiveCfg = Debug|Any CPU
		{BEC3CB3D-0E37-4857-89D7-17C20EF440EB}.Debug|x86.Build.0 = Debug|Any CPU
		{BEC3CB3D-0E37-4857-89D7-17C20EF440EB}.Release|Any CPU.ActiveCfg = Release|Any CPU
		{BEC3CB3D-0E37-4857-89D7-17C20EF440EB}.Release|Any CPU.Build.0 = Release|Any CPU
		{BEC3CB3D-0E37-4857-89D7-17C20EF440EB}.Release|x64.ActiveCfg = Release|Any CPU
		{BEC3CB3D-0E37-4857-89D7-17C20EF440EB}.Release|x64.Build.0 = Release|Any CPU
		{BEC3CB3D-0E37-4857-89D7-17C20EF440EB}.Release|x86.ActiveCfg = Release|Any CPU
		{BEC3CB3D-0E37-4857-89D7-17C20EF440EB}.Release|x86.Build.0 = Release|Any CPU
		{2FFD495B-2ECA-49A5-983B-F2E10D64830E}.Debug|Any CPU.ActiveCfg = Debug|Any CPU
		{2FFD495B-2ECA-49A5-983B-F2E10D64830E}.Debug|Any CPU.Build.0 = Debug|Any CPU
		{2FFD495B-2ECA-49A5-983B-F2E10D64830E}.Debug|x64.ActiveCfg = Debug|Any CPU
		{2FFD495B-2ECA-49A5-983B-F2E10D64830E}.Debug|x64.Build.0 = Debug|Any CPU
		{2FFD495B-2ECA-49A5-983B-F2E10D64830E}.Debug|x86.ActiveCfg = Debug|Any CPU
		{2FFD495B-2ECA-49A5-983B-F2E10D64830E}.Debug|x86.Build.0 = Debug|Any CPU
		{2FFD495B-2ECA-49A5-983B-F2E10D64830E}.Release|Any CPU.ActiveCfg = Release|Any CPU
		{2FFD495B-2ECA-49A5-983B-F2E10D64830E}.Release|Any CPU.Build.0 = Release|Any CPU
		{2FFD495B-2ECA-49A5-983B-F2E10D64830E}.Release|x64.ActiveCfg = Release|Any CPU
		{2FFD495B-2ECA-49A5-983B-F2E10D64830E}.Release|x64.Build.0 = Release|Any CPU
		{2FFD495B-2ECA-49A5-983B-F2E10D64830E}.Release|x86.ActiveCfg = Release|Any CPU
		{2FFD495B-2ECA-49A5-983B-F2E10D64830E}.Release|x86.Build.0 = Release|Any CPU
		{A5A7480D-94AE-499F-B2E9-ACE1FAD2D54C}.Debug|Any CPU.ActiveCfg = Debug|Any CPU
		{A5A7480D-94AE-499F-B2E9-ACE1FAD2D54C}.Debug|Any CPU.Build.0 = Debug|Any CPU
		{A5A7480D-94AE-499F-B2E9-ACE1FAD2D54C}.Debug|x64.ActiveCfg = Debug|Any CPU
		{A5A7480D-94AE-499F-B2E9-ACE1FAD2D54C}.Debug|x64.Build.0 = Debug|Any CPU
		{A5A7480D-94AE-499F-B2E9-ACE1FAD2D54C}.Debug|x86.ActiveCfg = Debug|Any CPU
		{A5A7480D-94AE-499F-B2E9-ACE1FAD2D54C}.Debug|x86.Build.0 = Debug|Any CPU
		{A5A7480D-94AE-499F-B2E9-ACE1FAD2D54C}.Release|Any CPU.ActiveCfg = Release|Any CPU
		{A5A7480D-94AE-499F-B2E9-ACE1FAD2D54C}.Release|Any CPU.Build.0 = Release|Any CPU
		{A5A7480D-94AE-499F-B2E9-ACE1FAD2D54C}.Release|x64.ActiveCfg = Release|Any CPU
		{A5A7480D-94AE-499F-B2E9-ACE1FAD2D54C}.Release|x64.Build.0 = Release|Any CPU
		{A5A7480D-94AE-499F-B2E9-ACE1FAD2D54C}.Release|x86.ActiveCfg = Release|Any CPU
		{A5A7480D-94AE-499F-B2E9-ACE1FAD2D54C}.Release|x86.Build.0 = Release|Any CPU
		{8A90A6CF-F673-4633-829A-8484EFDF14FE}.Debug|Any CPU.ActiveCfg = Debug|Any CPU
		{8A90A6CF-F673-4633-829A-8484EFDF14FE}.Debug|Any CPU.Build.0 = Debug|Any CPU
		{8A90A6CF-F673-4633-829A-8484EFDF14FE}.Debug|x64.ActiveCfg = Debug|Any CPU
		{8A90A6CF-F673-4633-829A-8484EFDF14FE}.Debug|x64.Build.0 = Debug|Any CPU
		{8A90A6CF-F673-4633-829A-8484EFDF14FE}.Debug|x86.ActiveCfg = Debug|Any CPU
		{8A90A6CF-F673-4633-829A-8484EFDF14FE}.Debug|x86.Build.0 = Debug|Any CPU
		{8A90A6CF-F673-4633-829A-8484EFDF14FE}.Release|Any CPU.ActiveCfg = Release|Any CPU
		{8A90A6CF-F673-4633-829A-8484EFDF14FE}.Release|Any CPU.Build.0 = Release|Any CPU
		{8A90A6CF-F673-4633-829A-8484EFDF14FE}.Release|x64.ActiveCfg = Release|Any CPU
		{8A90A6CF-F673-4633-829A-8484EFDF14FE}.Release|x64.Build.0 = Release|Any CPU
		{8A90A6CF-F673-4633-829A-8484EFDF14FE}.Release|x86.ActiveCfg = Release|Any CPU
		{8A90A6CF-F673-4633-829A-8484EFDF14FE}.Release|x86.Build.0 = Release|Any CPU
		{68E9ABE4-313F-4345-9A8E-6E80289651C5}.Debug|Any CPU.ActiveCfg = Debug|Any CPU
		{68E9ABE4-313F-4345-9A8E-6E80289651C5}.Debug|Any CPU.Build.0 = Debug|Any CPU
		{68E9ABE4-313F-4345-9A8E-6E80289651C5}.Debug|x64.ActiveCfg = Debug|Any CPU
		{68E9ABE4-313F-4345-9A8E-6E80289651C5}.Debug|x64.Build.0 = Debug|Any CPU
		{68E9ABE4-313F-4345-9A8E-6E80289651C5}.Debug|x86.ActiveCfg = Debug|Any CPU
		{68E9ABE4-313F-4345-9A8E-6E80289651C5}.Debug|x86.Build.0 = Debug|Any CPU
		{68E9ABE4-313F-4345-9A8E-6E80289651C5}.Release|Any CPU.ActiveCfg = Release|Any CPU
		{68E9ABE4-313F-4345-9A8E-6E80289651C5}.Release|Any CPU.Build.0 = Release|Any CPU
		{68E9ABE4-313F-4345-9A8E-6E80289651C5}.Release|x64.ActiveCfg = Release|Any CPU
		{68E9ABE4-313F-4345-9A8E-6E80289651C5}.Release|x64.Build.0 = Release|Any CPU
		{68E9ABE4-313F-4345-9A8E-6E80289651C5}.Release|x86.ActiveCfg = Release|Any CPU
		{68E9ABE4-313F-4345-9A8E-6E80289651C5}.Release|x86.Build.0 = Release|Any CPU
	EndGlobalSection
	GlobalSection(SolutionProperties) = preSolution
		HideSolutionNode = FALSE
	EndGlobalSection
	GlobalSection(ExtensibilityGlobals) = postSolution
		SolutionGuid = {1D07A243-78E6-48BB-93AD-9540512E1CA5}
	EndGlobalSection
EndGlobal
