
Microsoft Visual Studio Solution File, Format Version 12.00
# Visual Studio Version 17
VisualStudioVersion = 17.0.31612.314
MinimumVisualStudioVersion = 10.0.40219.1
Project("{9A19103F-16F7-4668-BE54-9A1E7A4F7556}") = "Compress", "Compress\Compress.csproj", "{C30EE098-15D3-40D8-90F6-465D924D9987}"
EndProject
Project("{9A19103F-16F7-4668-BE54-9A1E7A4F7556}") = "RVIO", "RVIO\RVIO.csproj", "{FF8A7A0A-6319-49E0-A6E6-DF3754BFFDD1}"
EndProject
Project("{9A19103F-16F7-4668-BE54-9A1E7A4F7556}") = "TrrntZip", "trrntzip\TrrntZip.csproj", "{21822412-A4CE-4A55-BD41-AAEA753753F1}"
EndProject
Project("{FAE04EC0-301F-11D3-BF4B-00C04F79EFBC}") = "TrrntZipUI", "TrrntZipUI\TrrntZipUI.csproj", "{BEC3CB3D-0E37-4857-89D7-17C20EF440EB}"
EndProject
Project("{9A19103F-16F7-4668-BE54-9A1E7A4F7556}") = "DATReader", "DATReader\DATReader.csproj", "{2FFD495B-2ECA-49A5-983B-F2E10D64830E}"
EndProject
Project("{FAE04EC0-301F-11D3-BF4B-00C04F79EFBC}") = "RomVault", "ROMVault\RomVault.csproj", "{437E12AB-46F3-4A75-A3D5-6C524B5A79B5}"
EndProject
Project("{9A19103F-16F7-4668-BE54-9A1E7A4F7556}") = "TrrntZipCMD", "TrrntZipCMD\TrrntZipCMD.csproj", "{68E9ABE4-313F-4345-9A8E-6E80289651C5}"
EndProject
Project("{9A19103F-16F7-4668-BE54-9A1E7A4F7556}") = "RomVaultCore", "RomVaultCore\RomVaultCore.csproj", "{DDA3C8CB-C4A1-4511-AAD6-601B1C1F589A}"
EndProject
Project("{9A19103F-16F7-4668-BE54-9A1E7A4F7556}") = "RomVaultCmd", "RomVaultCmd\RomVaultCmd.csproj", "{A1AE4114-496A-4FDC-BBAE-493CEE1FC224}"
EndProject
Project("{9A19103F-16F7-4668-BE54-9A1E7A4F7556}") = "RVUnZip", "unzip\RVUnZip.csproj", "{63CD2C3E-F5FE-499D-B414-635FC66C372D}"
EndProject
Project("{2150E333-8FDC-42A3-9474-1A3956D46DE8}") = "tZip", "tZip", "{9839A9ED-8289-45BA-BA33-8FA985645E6C}"
EndProject
Project("{FAE04EC0-301F-11D3-BF4B-00C04F79EFBC}") = "StorageList", "ByteSortedList\StorageList.csproj", "{3337350C-6018-56B2-2FC9-4DD6F311CB9D}"
EndProject
Project("{FAE04EC0-301F-11D3-BF4B-00C04F79EFBC}") = "SharedEnum", "SharedEnum\SharedEnum.csproj", "{83D94502-3723-A778-DCB6-0FB6F93E5B85}"
EndProject
Project("{FAE04EC0-301F-11D3-BF4B-00C04F79EFBC}") = "CodePage", "CodePage\CodePage.csproj", "{BBF0D1E8-6AC4-DA30-B809-78CF80A9E063}"
EndProject
Project("{FAE04EC0-301F-11D3-BF4B-00C04F79EFBC}") = "Dark", "Dark\Dark.csproj", "{80B6F476-6144-40CF-804A-593D429BD874}"
EndProject
Project("{FAE04EC0-301F-11D3-BF4B-00C04F79EFBC}") = "FileScanner", "FileScanner\FileScanner.csproj", "{4D1AC3EA-C104-522B-703F-189E11F35683}"
EndProject
Project("{FAE04EC0-301F-11D3-BF4B-00C04F79EFBC}") = "RVZstdSharp", "RVZstdSharp\RVZstdSharp.csproj", "{2808E37D-CD43-E918-2F97-398AEA9FE338}"
EndProject
Project("{FAE04EC0-301F-11D3-BF4B-00C04F79EFBC}") = "TrrntZipUICore", "TrrntZipUICore\TrrntZipUICore.csproj", "{A9710C37-095A-4A12-B940-8C98C4527AC1}"
EndProject
Project("{FAE04EC0-301F-11D3-BF4B-00C04F79EFBC}") = "SortMethods", "SortMethods\SortMethods.csproj", "{CB9A0996-3D10-92E6-020C-AAC5FD71D0DF}"
EndProject
Project("{FAE04EC0-301F-11D3-BF4B-00C04F79EFBC}") = "CHDSharpLib", "CHDlib\CHDSharpLib.csproj", "{37FC55FA-06B2-553F-0503-E5E113870F77}"
EndProject
Global
	GlobalSection(SolutionConfigurationPlatforms) = preSolution
		Debug|Any CPU = Debug|Any CPU
		Debug|x64 = Debug|x64
		Debug|x86 = Debug|x86
		Release|Any CPU = Release|Any CPU
		Release|x64 = Release|x64
		Release|x86 = Release|x86
	EndGlobalSection
	GlobalSection(ProjectConfigurationPlatforms) = postSolution
		{C30EE098-15D3-40D8-90F6-465D924D9987}.Debug|Any CPU.ActiveCfg = Debug|Any CPU
		{C30EE098-15D3-40D8-90F6-465D924D9987}.Debug|Any CPU.Build.0 = Debug|Any CPU
		{C30EE098-15D3-40D8-90F6-465D924D9987}.Debug|x64.ActiveCfg = Debug|Any CPU
		{C30EE098-15D3-40D8-90F6-465D924D9987}.Debug|x64.Build.0 = Debug|Any CPU
		{C30EE098-15D3-40D8-90F6-465D924D9987}.Debug|x86.ActiveCfg = Debug|Any CPU
		{C30EE098-15D3-40D8-90F6-465D924D9987}.Debug|x86.Build.0 = Debug|Any CPU
		{C30EE098-15D3-40D8-90F6-465D924D9987}.Release|Any CPU.ActiveCfg = Release|Any CPU
		{C30EE098-15D3-40D8-90F6-465D924D9987}.Release|Any CPU.Build.0 = Release|Any CPU
		{C30EE098-15D3-40D8-90F6-465D924D9987}.Release|x64.ActiveCfg = Release|Any CPU
		{C30EE098-15D3-40D8-90F6-465D924D9987}.Release|x64.Build.0 = Release|Any CPU
		{C30EE098-15D3-40D8-90F6-465D924D9987}.Release|x86.ActiveCfg = Release|Any CPU
		{C30EE098-15D3-40D8-90F6-465D924D9987}.Release|x86.Build.0 = Release|Any CPU
		{FF8A7A0A-6319-49E0-A6E6-DF3754BFFDD1}.Debug|Any CPU.ActiveCfg = Debug|Any CPU
		{FF8A7A0A-6319-49E0-A6E6-DF3754BFFDD1}.Debug|Any CPU.Build.0 = Debug|Any CPU
		{FF8A7A0A-6319-49E0-A6E6-DF3754BFFDD1}.Debug|x64.ActiveCfg = Debug|Any CPU
		{FF8A7A0A-6319-49E0-A6E6-DF3754BFFDD1}.Debug|x64.Build.0 = Debug|Any CPU
		{FF8A7A0A-6319-49E0-A6E6-DF3754BFFDD1}.Debug|x86.ActiveCfg = Debug|Any CPU
		{FF8A7A0A-6319-49E0-A6E6-DF3754BFFDD1}.Debug|x86.Build.0 = Debug|Any CPU
		{FF8A7A0A-6319-49E0-A6E6-DF3754BFFDD1}.Release|Any CPU.ActiveCfg = Release|Any CPU
		{FF8A7A0A-6319-49E0-A6E6-DF3754BFFDD1}.Release|Any CPU.Build.0 = Release|Any CPU
		{FF8A7A0A-6319-49E0-A6E6-DF3754BFFDD1}.Release|x64.ActiveCfg = Release|Any CPU
		{FF8A7A0A-6319-49E0-A6E6-DF3754BFFDD1}.Release|x64.Build.0 = Release|Any CPU
		{FF8A7A0A-6319-49E0-A6E6-DF3754BFFDD1}.Release|x86.ActiveCfg = Release|Any CPU
		{FF8A7A0A-6319-49E0-A6E6-DF3754BFFDD1}.Release|x86.Build.0 = Release|Any CPU
		{21822412-A4CE-4A55-BD41-AAEA753753F1}.Debug|Any CPU.ActiveCfg = Debug|Any CPU
		{21822412-A4CE-4A55-BD41-AAEA753753F1}.Debug|Any CPU.Build.0 = Debug|Any CPU
		{21822412-A4CE-4A55-BD41-AAEA753753F1}.Debug|x64.ActiveCfg = Debug|Any CPU
		{21822412-A4CE-4A55-BD41-AAEA753753F1}.Debug|x64.Build.0 = Debug|Any CPU
		{21822412-A4CE-4A55-BD41-AAEA753753F1}.Debug|x86.ActiveCfg = Debug|Any CPU
		{21822412-A4CE-4A55-BD41-AAEA753753F1}.Debug|x86.Build.0 = Debug|Any CPU
		{21822412-A4CE-4A55-BD41-AAEA753753F1}.Release|Any CPU.ActiveCfg = Release|Any CPU
		{21822412-A4CE-4A55-BD41-AAEA753753F1}.Release|Any CPU.Build.0 = Release|Any CPU
		{21822412-A4CE-4A55-BD41-AAEA753753F1}.Release|x64.ActiveCfg = Release|Any CPU
		{21822412-A4CE-4A55-BD41-AAEA753753F1}.Release|x64.Build.0 = Release|Any CPU
		{21822412-A4CE-4A55-BD41-AAEA753753F1}.Release|x86.ActiveCfg = Release|Any CPU
		{21822412-A4CE-4A55-BD41-AAEA753753F1}.Release|x86.Build.0 = Release|Any CPU
		{BEC3CB3D-0E37-4857-89D7-17C20EF440EB}.Debug|Any CPU.ActiveCfg = Debug|Any CPU
		{BEC3CB3D-0E37-4857-89D7-17C20EF440EB}.Debug|Any CPU.Build.0 = Debug|Any CPU
		{BEC3CB3D-0E37-4857-89D7-17C20EF440EB}.Debug|x64.ActiveCfg = Debug|Any CPU
		{BEC3CB3D-0E37-4857-89D7-17C20EF440EB}.Debug|x64.Build.0 = Debug|Any CPU
		{BEC3CB3D-0E37-4857-89D7-17C20EF440EB}.Debug|x86.ActiveCfg = Debug|Any CPU
		{BEC3CB3D-0E37-4857-89D7-17C20EF440EB}.Debug|x86.Build.0 = Debug|Any CPU
		{BEC3CB3D-0E37-4857-89D7-17C20EF440EB}.Release|Any CPU.ActiveCfg = Release|Any CPU
		{BEC3CB3D-0E37-4857-89D7-17C20EF440EB}.Release|Any CPU.Build.0 = Release|Any CPU
		{BEC3CB3D-0E37-4857-89D7-17C20EF440EB}.Release|x64.ActiveCfg = Release|Any CPU
		{BEC3CB3D-0E37-4857-89D7-17C20EF440EB}.Release|x64.Build.0 = Release|Any CPU
		{BEC3CB3D-0E37-4857-89D7-17C20EF440EB}.Release|x86.ActiveCfg = Release|Any CPU
		{BEC3CB3D-0E37-4857-89D7-17C20EF440EB}.Release|x86.Build.0 = Release|Any CPU
		{2FFD495B-2ECA-49A5-983B-F2E10D64830E}.Debug|Any CPU.ActiveCfg = Debug|Any CPU
		{2FFD495B-2ECA-49A5-983B-F2E10D64830E}.Debug|Any CPU.Build.0 = Debug|Any CPU
		{2FFD495B-2ECA-49A5-983B-F2E10D64830E}.Debug|x64.ActiveCfg = Debug|Any CPU
		{2FFD495B-2ECA-49A5-983B-F2E10D64830E}.Debug|x64.Build.0 = Debug|Any CPU
		{2FFD495B-2ECA-49A5-983B-F2E10D64830E}.Debug|x86.ActiveCfg = Debug|Any CPU
		{2FFD495B-2ECA-49A5-983B-F2E10D64830E}.Debug|x86.Build.0 = Debug|Any CPU
		{2FFD495B-2ECA-49A5-983B-F2E10D64830E}.Release|Any CPU.ActiveCfg = Release|Any CPU
		{2FFD495B-2ECA-49A5-983B-F2E10D64830E}.Release|Any CPU.Build.0 = Release|Any CPU
		{2FFD495B-2ECA-49A5-983B-F2E10D64830E}.Release|x64.ActiveCfg = Release|Any CPU
		{2FFD495B-2ECA-49A5-983B-F2E10D64830E}.Release|x64.Build.0 = Release|Any CPU
		{2FFD495B-2ECA-49A5-983B-F2E10D64830E}.Release|x86.ActiveCfg = Release|Any CPU
		{2FFD495B-2ECA-49A5-983B-F2E10D64830E}.Release|x86.Build.0 = Release|Any CPU
		{437E12AB-46F3-4A75-A3D5-6C524B5A79B5}.Debug|Any CPU.ActiveCfg = Debug|Any CPU
		{437E12AB-46F3-4A75-A3D5-6C524B5A79B5}.Debug|Any CPU.Build.0 = Debug|Any CPU
		{437E12AB-46F3-4A75-A3D5-6C524B5A79B5}.Debug|x64.ActiveCfg = Debug|Any CPU
		{437E12AB-46F3-4A75-A3D5-6C524B5A79B5}.Debug|x64.Build.0 = Debug|Any CPU
		{437E12AB-46F3-4A75-A3D5-6C524B5A79B5}.Debug|x86.ActiveCfg = Debug|x86
		{437E12AB-46F3-4A75-A3D5-6C524B5A79B5}.Debug|x86.Build.0 = Debug|x86
		{437E12AB-46F3-4A75-A3D5-6C524B5A79B5}.Release|Any CPU.ActiveCfg = Release|Any CPU
		{437E12AB-46F3-4A75-A3D5-6C524B5A79B5}.Release|Any CPU.Build.0 = Release|Any CPU
		{437E12AB-46F3-4A75-A3D5-6C524B5A79B5}.Release|x64.ActiveCfg = Release|Any CPU
		{437E12AB-46F3-4A75-A3D5-6C524B5A79B5}.Release|x64.Build.0 = Release|Any CPU
		{437E12AB-46F3-4A75-A3D5-6C524B5A79B5}.Release|x86.ActiveCfg = Release|x86
		{437E12AB-46F3-4A75-A3D5-6C524B5A79B5}.Release|x86.Build.0 = Release|x86
		{68E9ABE4-313F-4345-9A8E-6E80289651C5}.Debug|Any CPU.ActiveCfg = Debug|Any CPU
		{68E9ABE4-313F-4345-9A8E-6E80289651C5}.Debug|Any CPU.Build.0 = Debug|Any CPU
		{68E9ABE4-313F-4345-9A8E-6E80289651C5}.Debug|x64.ActiveCfg = Debug|Any CPU
		{68E9ABE4-313F-4345-9A8E-6E80289651C5}.Debug|x64.Build.0 = Debug|Any CPU
		{68E9ABE4-313F-4345-9A8E-6E80289651C5}.Debug|x86.ActiveCfg = Debug|Any CPU
		{68E9ABE4-313F-4345-9A8E-6E80289651C5}.Debug|x86.Build.0 = Debug|Any CPU
		{68E9ABE4-313F-4345-9A8E-6E80289651C5}.Release|Any CPU.ActiveCfg = Release|Any CPU
		{68E9ABE4-313F-4345-9A8E-6E80289651C5}.Release|Any CPU.Build.0 = Release|Any CPU
		{68E9ABE4-313F-4345-9A8E-6E80289651C5}.Release|x64.ActiveCfg = Release|Any CPU
		{68E9ABE4-313F-4345-9A8E-6E80289651C5}.Release|x64.Build.0 = Release|Any CPU
		{68E9ABE4-313F-4345-9A8E-6E80289651C5}.Release|x86.ActiveCfg = Release|Any CPU
		{68E9ABE4-313F-4345-9A8E-6E80289651C5}.Release|x86.Build.0 = Release|Any CPU
		{DDA3C8CB-C4A1-4511-AAD6-601B1C1F589A}.Debug|Any CPU.ActiveCfg = Debug|Any CPU
		{DDA3C8CB-C4A1-4511-AAD6-601B1C1F589A}.Debug|Any CPU.Build.0 = Debug|Any CPU
		{DDA3C8CB-C4A1-4511-AAD6-601B1C1F589A}.Debug|x64.ActiveCfg = Debug|Any CPU
		{DDA3C8CB-C4A1-4511-AAD6-601B1C1F589A}.Debug|x64.Build.0 = Debug|Any CPU
		{DDA3C8CB-C4A1-4511-AAD6-601B1C1F589A}.Debug|x86.ActiveCfg = Debug|Any CPU
		{DDA3C8CB-C4A1-4511-AAD6-601B1C1F589A}.Debug|x86.Build.0 = Debug|Any CPU
		{DDA3C8CB-C4A1-4511-AAD6-601B1C1F589A}.Release|Any CPU.ActiveCfg = Release|Any CPU
		{DDA3C8CB-C4A1-4511-AAD6-601B1C1F589A}.Release|Any CPU.Build.0 = Release|Any CPU
		{DDA3C8CB-C4A1-4511-AAD6-601B1C1F589A}.Release|x64.ActiveCfg = Release|Any CPU
		{DDA3C8CB-C4A1-4511-AAD6-601B1C1F589A}.Release|x64.Build.0 = Release|Any CPU
		{DDA3C8CB-C4A1-4511-AAD6-601B1C1F589A}.Release|x86.ActiveCfg = Release|Any CPU
		{DDA3C8CB-C4A1-4511-AAD6-601B1C1F589A}.Release|x86.Build.0 = Release|Any CPU
		{A1AE4114-496A-4FDC-BBAE-493CEE1FC224}.Debug|Any CPU.ActiveCfg = Debug|Any CPU
		{A1AE4114-496A-4FDC-BBAE-493CEE1FC224}.Debug|Any CPU.Build.0 = Debug|Any CPU
		{A1AE4114-496A-4FDC-BBAE-493CEE1FC224}.Debug|x64.ActiveCfg = Debug|Any CPU
		{A1AE4114-496A-4FDC-BBAE-493CEE1FC224}.Debug|x64.Build.0 = Debug|Any CPU
		{A1AE4114-496A-4FDC-BBAE-493CEE1FC224}.Debug|x86.ActiveCfg = Debug|Any CPU
		{A1AE4114-496A-4FDC-BBAE-493CEE1FC224}.Debug|x86.Build.0 = Debug|Any CPU
		{A1AE4114-496A-4FDC-BBAE-493CEE1FC224}.Release|Any CPU.ActiveCfg = Release|Any CPU
		{A1AE4114-496A-4FDC-BBAE-493CEE1FC224}.Release|Any CPU.Build.0 = Release|Any CPU
		{A1AE4114-496A-4FDC-BBAE-493CEE1FC224}.Release|x64.ActiveCfg = Release|Any CPU
		{A1AE4114-496A-4FDC-BBAE-493CEE1FC224}.Release|x64.Build.0 = Release|Any CPU
		{A1AE4114-496A-4FDC-BBAE-493CEE1FC224}.Release|x86.ActiveCfg = Release|Any CPU
		{A1AE4114-496A-4FDC-BBAE-493CEE1FC224}.Release|x86.Build.0 = Release|Any CPU
		{63CD2C3E-F5FE-499D-B414-635FC66C372D}.Debug|Any CPU.ActiveCfg = Debug|Any CPU
		{63CD2C3E-F5FE-499D-B414-635FC66C372D}.Debug|Any CPU.Build.0 = Debug|Any CPU
		{63CD2C3E-F5FE-499D-B414-635FC66C372D}.Debug|x64.ActiveCfg = Debug|Any CPU
		{63CD2C3E-F5FE-499D-B414-635FC66C372D}.Debug|x64.Build.0 = Debug|Any CPU
		{63CD2C3E-F5FE-499D-B414-635FC66C372D}.Debug|x86.ActiveCfg = Debug|Any CPU
		{63CD2C3E-F5FE-499D-B414-635FC66C372D}.Debug|x86.Build.0 = Debug|Any CPU
		{63CD2C3E-F5FE-499D-B414-635FC66C372D}.Release|Any CPU.ActiveCfg = Release|Any CPU
		{63CD2C3E-F5FE-499D-B414-635FC66C372D}.Release|Any CPU.Build.0 = Release|Any CPU
		{63CD2C3E-F5FE-499D-B414-635FC66C372D}.Release|x64.ActiveCfg = Release|Any CPU
		{63CD2C3E-F5FE-499D-B414-635FC66C372D}.Release|x64.Build.0 = Release|Any CPU
		{63CD2C3E-F5FE-499D-B414-635FC66C372D}.Release|x86.ActiveCfg = Release|Any CPU
		{63CD2C3E-F5FE-499D-B414-635FC66C372D}.Release|x86.Build.0 = Release|Any CPU
		{3337350C-6018-56B2-2FC9-4DD6F311CB9D}.Debug|Any CPU.ActiveCfg = Debug|Any CPU
		{3337350C-6018-56B2-2FC9-4DD6F311CB9D}.Debug|Any CPU.Build.0 = Debug|Any CPU
		{3337350C-6018-56B2-2FC9-4DD6F311CB9D}.Debug|x64.ActiveCfg = Debug|Any CPU
		{3337350C-6018-56B2-2FC9-4DD6F311CB9D}.Debug|x64.Build.0 = Debug|Any CPU
		{3337350C-6018-56B2-2FC9-4DD6F311CB9D}.Debug|x86.ActiveCfg = Debug|Any CPU
		{3337350C-6018-56B2-2FC9-4DD6F311CB9D}.Debug|x86.Build.0 = Debug|Any CPU
		{3337350C-6018-56B2-2FC9-4DD6F311CB9D}.Release|Any CPU.ActiveCfg = Release|Any CPU
		{3337350C-6018-56B2-2FC9-4DD6F311CB9D}.Release|Any CPU.Build.0 = Release|Any CPU
		{3337350C-6018-56B2-2FC9-4DD6F311CB9D}.Release|x64.ActiveCfg = Release|Any CPU
		{3337350C-6018-56B2-2FC9-4DD6F311CB9D}.Release|x64.Build.0 = Release|Any CPU
		{3337350C-6018-56B2-2FC9-4DD6F311CB9D}.Release|x86.ActiveCfg = Release|Any CPU
		{3337350C-6018-56B2-2FC9-4DD6F311CB9D}.Release|x86.Build.0 = Release|Any CPU
		{83D94502-3723-A778-DCB6-0FB6F93E5B85}.Debug|Any CPU.ActiveCfg = Debug|Any CPU
		{83D94502-3723-A778-DCB6-0FB6F93E5B85}.Debug|Any CPU.Build.0 = Debug|Any CPU
		{83D94502-3723-A778-DCB6-0FB6F93E5B85}.Debug|x64.ActiveCfg = Debug|Any CPU
		{83D94502-3723-A778-DCB6-0FB6F93E5B85}.Debug|x64.Build.0 = Debug|Any CPU
		{83D94502-3723-A778-DCB6-0FB6F93E5B85}.Debug|x86.ActiveCfg = Debug|Any CPU
		{83D94502-3723-A778-DCB6-0FB6F93E5B85}.Debug|x86.Build.0 = Debug|Any CPU
		{83D94502-3723-A778-DCB6-0FB6F93E5B85}.Release|Any CPU.ActiveCfg = Release|Any CPU
		{83D94502-3723-A778-DCB6-0FB6F93E5B85}.Release|Any CPU.Build.0 = Release|Any CPU
		{83D94502-3723-A778-DCB6-0FB6F93E5B85}.Release|x64.ActiveCfg = Release|Any CPU
		{83D94502-3723-A778-DCB6-0FB6F93E5B85}.Release|x64.Build.0 = Release|Any CPU
		{83D94502-3723-A778-DCB6-0FB6F93E5B85}.Release|x86.ActiveCfg = Release|Any CPU
		{83D94502-3723-A778-DCB6-0FB6F93E5B85}.Release|x86.Build.0 = Release|Any CPU
		{BBF0D1E8-6AC4-DA30-B809-78CF80A9E063}.Debug|Any CPU.ActiveCfg = Debug|Any CPU
		{BBF0D1E8-6AC4-DA30-B809-78CF80A9E063}.Debug|Any CPU.Build.0 = Debug|Any CPU
		{BBF0D1E8-6AC4-DA30-B809-78CF80A9E063}.Debug|x64.ActiveCfg = Debug|Any CPU
		{BBF0D1E8-6AC4-DA30-B809-78CF80A9E063}.Debug|x64.Build.0 = Debug|Any CPU
		{BBF0D1E8-6AC4-DA30-B809-78CF80A9E063}.Debug|x86.ActiveCfg = Debug|Any CPU
		{BBF0D1E8-6AC4-DA30-B809-78CF80A9E063}.Debug|x86.Build.0 = Debug|Any CPU
		{BBF0D1E8-6AC4-DA30-B809-78CF80A9E063}.Release|Any CPU.ActiveCfg = Release|Any CPU
		{BBF0D1E8-6AC4-DA30-B809-78CF80A9E063}.Release|Any CPU.Build.0 = Release|Any CPU
		{BBF0D1E8-6AC4-DA30-B809-78CF80A9E063}.Release|x64.ActiveCfg = Release|Any CPU
		{BBF0D1E8-6AC4-DA30-B809-78CF80A9E063}.Release|x64.Build.0 = Release|Any CPU
		{BBF0D1E8-6AC4-DA30-B809-78CF80A9E063}.Release|x86.ActiveCfg = Release|Any CPU
		{BBF0D1E8-6AC4-DA30-B809-78CF80A9E063}.Release|x86.Build.0 = Release|Any CPU
		{80B6F476-6144-40CF-804A-593D429BD874}.Debug|Any CPU.ActiveCfg = Debug|Any CPU
		{80B6F476-6144-40CF-804A-593D429BD874}.Debug|Any CPU.Build.0 = Debug|Any CPU
		{80B6F476-6144-40CF-804A-593D429BD874}.Debug|x64.ActiveCfg = Debug|Any CPU
		{80B6F476-6144-40CF-804A-593D429BD874}.Debug|x64.Build.0 = Debug|Any CPU
		{80B6F476-6144-40CF-804A-593D429BD874}.Debug|x86.ActiveCfg = Debug|Any CPU
		{80B6F476-6144-40CF-804A-593D429BD874}.Debug|x86.Build.0 = Debug|Any CPU
		{80B6F476-6144-40CF-804A-593D429BD874}.Release|Any CPU.ActiveCfg = Release|Any CPU
		{80B6F476-6144-40CF-804A-593D429BD874}.Release|Any CPU.Build.0 = Release|Any CPU
		{80B6F476-6144-40CF-804A-593D429BD874}.Release|x64.ActiveCfg = Release|Any CPU
		{80B6F476-6144-40CF-804A-593D429BD874}.Release|x64.Build.0 = Release|Any CPU
		{80B6F476-6144-40CF-804A-593D429BD874}.Release|x86.ActiveCfg = Release|Any CPU
		{80B6F476-6144-40CF-804A-593D429BD874}.Release|x86.Build.0 = Release|Any CPU
		{4D1AC3EA-C104-522B-703F-189E11F35683}.Debug|Any CPU.ActiveCfg = Debug|Any CPU
		{4D1AC3EA-C104-522B-703F-189E11F35683}.Debug|Any CPU.Build.0 = Debug|Any CPU
		{4D1AC3EA-C104-522B-703F-189E11F35683}.Debug|x64.ActiveCfg = Debug|Any CPU
		{4D1AC3EA-C104-522B-703F-189E11F35683}.Debug|x64.Build.0 = Debug|Any CPU
		{4D1AC3EA-C104-522B-703F-189E11F35683}.Debug|x86.ActiveCfg = Debug|Any CPU
		{4D1AC3EA-C104-522B-703F-189E11F35683}.Debug|x86.Build.0 = Debug|Any CPU
		{4D1AC3EA-C104-522B-703F-189E11F35683}.Release|Any CPU.ActiveCfg = Release|Any CPU
		{4D1AC3EA-C104-522B-703F-189E11F35683}.Release|Any CPU.Build.0 = Release|Any CPU
		{4D1AC3EA-C104-522B-703F-189E11F35683}.Release|x64.ActiveCfg = Release|Any CPU
		{4D1AC3EA-C104-522B-703F-189E11F35683}.Release|x64.Build.0 = Release|Any CPU
		{4D1AC3EA-C104-522B-703F-189E11F35683}.Release|x86.ActiveCfg = Release|Any CPU
		{4D1AC3EA-C104-522B-703F-189E11F35683}.Release|x86.Build.0 = Release|Any CPU
		{2808E37D-CD43-E918-2F97-398AEA9FE338}.Debug|Any CPU.ActiveCfg = Debug|Any CPU
		{2808E37D-CD43-E918-2F97-398AEA9FE338}.Debug|Any CPU.Build.0 = Debug|Any CPU
		{2808E37D-CD43-E918-2F97-398AEA9FE338}.Debug|x64.ActiveCfg = Debug|Any CPU
		{2808E37D-CD43-E918-2F97-398AEA9FE338}.Debug|x64.Build.0 = Debug|Any CPU
		{2808E37D-CD43-E918-2F97-398AEA9FE338}.Debug|x86.ActiveCfg = Debug|Any CPU
		{2808E37D-CD43-E918-2F97-398AEA9FE338}.Debug|x86.Build.0 = Debug|Any CPU
		{2808E37D-CD43-E918-2F97-398AEA9FE338}.Release|Any CPU.ActiveCfg = Release|Any CPU
		{2808E37D-CD43-E918-2F97-398AEA9FE338}.Release|Any CPU.Build.0 = Release|Any CPU
		{2808E37D-CD43-E918-2F97-398AEA9FE338}.Release|x64.ActiveCfg = Release|Any CPU
		{2808E37D-CD43-E918-2F97-398AEA9FE338}.Release|x64.Build.0 = Release|Any CPU
		{2808E37D-CD43-E918-2F97-398AEA9FE338}.Release|x86.ActiveCfg = Release|Any CPU
		{2808E37D-CD43-E918-2F97-398AEA9FE338}.Release|x86.Build.0 = Release|Any CPU
		{A9710C37-095A-4A12-B940-8C98C4527AC1}.Debug|Any CPU.ActiveCfg = Debug|Any CPU
		{A9710C37-095A-4A12-B940-8C98C4527AC1}.Debug|Any CPU.Build.0 = Debug|Any CPU
		{A9710C37-095A-4A12-B940-8C98C4527AC1}.Debug|x64.ActiveCfg = Debug|Any CPU
		{A9710C37-095A-4A12-B940-8C98C4527AC1}.Debug|x64.Build.0 = Debug|Any CPU
		{A9710C37-095A-4A12-B940-8C98C4527AC1}.Debug|x86.ActiveCfg = Debug|Any CPU
		{A9710C37-095A-4A12-B940-8C98C4527AC1}.Debug|x86.Build.0 = Debug|Any CPU
		{A9710C37-095A-4A12-B940-8C98C4527AC1}.Release|Any CPU.ActiveCfg = Release|Any CPU
		{A9710C37-095A-4A12-B940-8C98C4527AC1}.Release|Any CPU.Build.0 = Release|Any CPU
		{A9710C37-095A-4A12-B940-8C98C4527AC1}.Release|x64.ActiveCfg = Release|Any CPU
		{A9710C37-095A-4A12-B940-8C98C4527AC1}.Release|x64.Build.0 = Release|Any CPU
		{A9710C37-095A-4A12-B940-8C98C4527AC1}.Release|x86.ActiveCfg = Release|Any CPU
		{A9710C37-095A-4A12-B940-8C98C4527AC1}.Release|x86.Build.0 = Release|Any CPU
		{CB9A0996-3D10-92E6-020C-AAC5FD71D0DF}.Debug|Any CPU.ActiveCfg = Debug|Any CPU
		{CB9A0996-3D10-92E6-020C-AAC5FD71D0DF}.Debug|Any CPU.Build.0 = Debug|Any CPU
		{CB9A0996-3D10-92E6-020C-AAC5FD71D0DF}.Debug|x64.ActiveCfg = Debug|Any CPU
		{CB9A0996-3D10-92E6-020C-AAC5FD71D0DF}.Debug|x64.Build.0 = Debug|Any CPU
		{CB9A0996-3D10-92E6-020C-AAC5FD71D0DF}.Debug|x86.ActiveCfg = Debug|Any CPU
		{CB9A0996-3D10-92E6-020C-AAC5FD71D0DF}.Debug|x86.Build.0 = Debug|Any CPU
		{CB9A0996-3D10-92E6-020C-AAC5FD71D0DF}.Release|Any CPU.ActiveCfg = Release|Any CPU
		{CB9A0996-3D10-92E6-020C-AAC5FD71D0DF}.Release|Any CPU.Build.0 = Release|Any CPU
		{CB9A0996-3D10-92E6-020C-AAC5FD71D0DF}.Release|x64.ActiveCfg = Release|Any CPU
		{CB9A0996-3D10-92E6-020C-AAC5FD71D0DF}.Release|x64.Build.0 = Release|Any CPU
		{CB9A0996-3D10-92E6-020C-AAC5FD71D0DF}.Release|x86.ActiveCfg = Release|Any CPU
		{CB9A0996-3D10-92E6-020C-AAC5FD71D0DF}.Release|x86.Build.0 = Release|Any CPU
		{37FC55FA-06B2-553F-0503-E5E113870F77}.Debug|Any CPU.ActiveCfg = Debug|Any CPU
		{37FC55FA-06B2-553F-0503-E5E113870F77}.Debug|Any CPU.Build.0 = Debug|Any CPU
		{37FC55FA-06B2-553F-0503-E5E113870F77}.Debug|x64.ActiveCfg = Debug|Any CPU
		{37FC55FA-06B2-553F-0503-E5E113870F77}.Debug|x64.Build.0 = Debug|Any CPU
		{37FC55FA-06B2-553F-0503-E5E113870F77}.Debug|x86.ActiveCfg = Debug|Any CPU
		{37FC55FA-06B2-553F-0503-E5E113870F77}.Debug|x86.Build.0 = Debug|Any CPU
		{37FC55FA-06B2-553F-0503-E5E113870F77}.Release|Any CPU.ActiveCfg = Release|Any CPU
		{37FC55FA-06B2-553F-0503-E5E113870F77}.Release|Any CPU.Build.0 = Release|Any CPU
		{37FC55FA-06B2-553F-0503-E5E113870F77}.Release|x64.ActiveCfg = Release|Any CPU
		{37FC55FA-06B2-553F-0503-E5E113870F77}.Release|x64.Build.0 = Release|Any CPU
		{37FC55FA-06B2-553F-0503-E5E113870F77}.Release|x86.ActiveCfg = Release|Any CPU
		{37FC55FA-06B2-553F-0503-E5E113870F77}.Release|x86.Build.0 = Release|Any CPU
	EndGlobalSection
	GlobalSection(SolutionProperties) = preSolution
		HideSolutionNode = FALSE
	EndGlobalSection
	GlobalSection(NestedProjects) = preSolution
		{21822412-A4CE-4A55-BD41-AAEA753753F1} = {9839A9ED-8289-45BA-BA33-8FA985645E6C}
		{BEC3CB3D-0E37-4857-89D7-17C20EF440EB} = {9839A9ED-8289-45BA-BA33-8FA985645E6C}
		{68E9ABE4-313F-4345-9A8E-6E80289651C5} = {9839A9ED-8289-45BA-BA33-8FA985645E6C}
		{A9710C37-095A-4A12-B940-8C98C4527AC1} = {9839A9ED-8289-45BA-BA33-8FA985645E6C}
	EndGlobalSection
	GlobalSection(ExtensibilityGlobals) = postSolution
		SolutionGuid = {1D07A243-78E6-48BB-93AD-9540512E1CA5}
	EndGlobalSection
EndGlobal
