
Microsoft Visual Studio Solution File, Format Version 12.00
# Visual Studio Version 17
VisualStudioVersion = 17.0.31612.314
MinimumVisualStudioVersion = 10.0.40219.1
Project("{9A19103F-16F7-4668-BE54-9A1E7A4F7556}") = "Compress", "Compress\Compress.csproj", "{C30EE098-15D3-40D8-90F6-465D924D9987}"
EndProject
Project("{9A19103F-16F7-4668-BE54-9A1E7A4F7556}") = "RVIO", "RVIO\RVIO.csproj", "{FF8A7A0A-6319-49E0-A6E6-DF3754BFFDD1}"
EndProject
Project("{9A19103F-16F7-4668-BE54-9A1E7A4F7556}") = "TrrntZip", "trrntzip\TrrntZip.csproj", "{21822412-A4CE-4A55-BD41-AAEA753753F1}"
EndProject
Project("{FAE04EC0-301F-11D3-BF4B-00C04F79EFBC}") = "TrrntZipUI", "TrrntZipUI\TrrntZipUI.csproj", "{BEC3CB3D-0E37-4857-89D7-17C20EF440EB}"
EndProject
Project("{FAE04EC0-301F-11D3-BF4B-00C04F79EFBC}") = "RomVaultX", "RomVaultX\RomVaultX.csproj", "{B5A4FB1B-FF88-4EB8-95F0-BCE4ED52E020}"
EndProject
Project("{9A19103F-16F7-4668-BE54-9A1E7A4F7556}") = "DATReader", "DATReader\DATReader.csproj", "{2FFD495B-2ECA-49A5-983B-F2E10D64830E}"
EndProject
Project("{9A19103F-16F7-4668-BE54-9A1E7A4F7556}") = "Dir2Dat", "Dir2Dat\Dir2Dat.csproj", "{A5A7480D-94AE-499F-B2E9-ACE1FAD2D54C}"
EndProject
Project("{FAE04EC0-301F-11D3-BF4B-00C04F79EFBC}") = "RomVault", "ROMVault\RomVault.csproj", "{437E12AB-46F3-4A75-A3D5-6C524B5A79B5}"
EndProject
Project("{9A19103F-16F7-4668-BE54-9A1E7A4F7556}") = "FileHeaderReader", "FileHeaderReader\FileHeaderReader.csproj", "{8A90A6CF-F673-4633-829A-8484EFDF14FE}"
EndProject
Project("{9A19103F-16F7-4668-BE54-9A1E7A4F7556}") = "TrrntZipCMD", "TrrntZipCMD\TrrntZipCMD.csproj", "{68E9ABE4-313F-4345-9A8E-6E80289651C5}"
EndProject
Project("{9A19103F-16F7-4668-BE54-9A1E7A4F7556}") = "RomVaultCore", "RomVaultCore\RomVaultCore.csproj", "{DDA3C8CB-C4A1-4511-AAD6-601B1C1F589A}"
EndProject
Project("{9A19103F-16F7-4668-BE54-9A1E7A4F7556}") = "RomVaultCmd", "RomVaultCmd\RomVaultCmd.csproj", "{A1AE4114-496A-4FDC-BBAE-493CEE1FC224}"
EndProject
Project("{FAE04EC0-301F-11D3-BF4B-00C04F79EFBC}") = "RomVaultXCore", "RomVaultXCore\RomVaultXCore.csproj", "{B48924E3-030E-41AA-BA7F-8E1A03F35549}"
EndProject
Project("{9A19103F-16F7-4668-BE54-9A1E7A4F7556}") = "CHDlib", "CHDlib\CHDlib.csproj", "{7FF0D036-B936-4127-A6D1-6EE247C5143D}"
EndProject
Project("{9A19103F-16F7-4668-BE54-9A1E7A4F7556}") = "RVUnZip", "unzip\RVUnZip.csproj", "{63CD2C3E-F5FE-499D-B414-635FC66C372D}"
EndProject
Project("{2150E333-8FDC-42A3-9474-1A3956D46DE8}") = "CHD", "CHD", "{6DE3B489-EC17-42DF-ABC8-BA07E5EEB34F}"
EndProject
Project("{2150E333-8FDC-42A3-9474-1A3956D46DE8}") = "DAT", "DAT", "{D3EDF86D-8E06-407F-B207-A0A435990963}"
EndProject
Project("{2150E333-8FDC-42A3-9474-1A3956D46DE8}") = "tZip", "tZip", "{9839A9ED-8289-45BA-BA33-8FA985645E6C}"
EndProject
Project("{FAE04EC0-301F-11D3-BF4B-00C04F79EFBC}") = "RVWorldRelease", "RVWorldRelease\RVWorldRelease.csproj", "{7809A26D-80CB-4842-8456-A12C56803CF9}"
EndProject
Global
	GlobalSection(SolutionConfigurationPlatforms) = preSolution
		Debug|Any CPU = Debug|Any CPU
		Debug|x64 = Debug|x64
		Debug|x86 = Debug|x86
		Release|Any CPU = Release|Any CPU
		Release|x64 = Release|x64
		Release|x86 = Release|x86
	EndGlobalSection
	GlobalSection(ProjectConfigurationPlatforms) = postSolution
		{C30EE098-15D3-40D8-90F6-465D924D9987}.Debug|Any CPU.ActiveCfg = Debug|Any CPU
		{C30EE098-15D3-40D8-90F6-465D924D9987}.Debug|Any CPU.Build.0 = Debug|Any CPU
		{C30EE098-15D3-40D8-90F6-465D924D9987}.Debug|x64.ActiveCfg = Debug|Any CPU
		{C30EE098-15D3-40D8-90F6-465D924D9987}.Debug|x64.Build.0 = Debug|Any CPU
		{C30EE098-15D3-40D8-90F6-465D924D9987}.Debug|x86.ActiveCfg = Debug|Any CPU
		{C30EE098-15D3-40D8-90F6-465D924D9987}.Debug|x86.Build.0 = Debug|Any CPU
		{C30EE098-15D3-40D8-90F6-465D924D9987}.Release|Any CPU.ActiveCfg = Release|Any CPU
		{C30EE098-15D3-40D8-90F6-465D924D9987}.Release|Any CPU.Build.0 = Release|Any CPU
		{C30EE098-15D3-40D8-90F6-465D924D9987}.Release|x64.ActiveCfg = Release|Any CPU
		{C30EE098-15D3-40D8-90F6-465D924D9987}.Release|x64.Build.0 = Release|Any CPU
		{C30EE098-15D3-40D8-90F6-465D924D9987}.Release|x86.ActiveCfg = Release|Any CPU
		{C30EE098-15D3-40D8-90F6-465D924D9987}.Release|x86.Build.0 = Release|Any CPU
		{FF8A7A0A-6319-49E0-A6E6-DF3754BFFDD1}.Debug|Any CPU.ActiveCfg = Debug|Any CPU
		{FF8A7A0A-6319-49E0-A6E6-DF3754BFFDD1}.Debug|Any CPU.Build.0 = Debug|Any CPU
		{FF8A7A0A-6319-49E0-A6E6-DF3754BFFDD1}.Debug|x64.ActiveCfg = Debug|Any CPU
		{FF8A7A0A-6319-49E0-A6E6-DF3754BFFDD1}.Debug|x64.Build.0 = Debug|Any CPU
		{FF8A7A0A-6319-49E0-A6E6-DF3754BFFDD1}.Debug|x86.ActiveCfg = Debug|Any CPU
		{FF8A7A0A-6319-49E0-A6E6-DF3754BFFDD1}.Debug|x86.Build.0 = Debug|Any CPU
		{FF8A7A0A-6319-49E0-A6E6-DF3754BFFDD1}.Release|Any CPU.ActiveCfg = Release|Any CPU
		{FF8A7A0A-6319-49E0-A6E6-DF3754BFFDD1}.Release|Any CPU.Build.0 = Release|Any CPU
		{FF8A7A0A-6319-49E0-A6E6-DF3754BFFDD1}.Release|x64.ActiveCfg = Release|Any CPU
		{FF8A7A0A-6319-49E0-A6E6-DF3754BFFDD1}.Release|x64.Build.0 = Release|Any CPU
		{FF8A7A0A-6319-49E0-A6E6-DF3754BFFDD1}.Release|x86.ActiveCfg = Release|Any CPU
		{FF8A7A0A-6319-49E0-A6E6-DF3754BFFDD1}.Release|x86.Build.0 = Release|Any CPU
		{21822412-A4CE-4A55-BD41-AAEA753753F1}.Debug|Any CPU.ActiveCfg = Debug|Any CPU
		{21822412-A4CE-4A55-BD41-AAEA753753F1}.Debug|Any CPU.Build.0 = Debug|Any CPU
		{21822412-A4CE-4A55-BD41-AAEA753753F1}.Debug|x64.ActiveCfg = Debug|Any CPU
		{21822412-A4CE-4A55-BD41-AAEA753753F1}.Debug|x64.Build.0 = Debug|Any CPU
		{21822412-A4CE-4A55-BD41-AAEA753753F1}.Debug|x86.ActiveCfg = Debug|Any CPU
		{21822412-A4CE-4A55-BD41-AAEA753753F1}.Debug|x86.Build.0 = Debug|Any CPU
		{21822412-A4CE-4A55-BD41-AAEA753753F1}.Release|Any CPU.ActiveCfg = Release|Any CPU
		{21822412-A4CE-4A55-BD41-AAEA753753F1}.Release|Any CPU.Build.0 = Release|Any CPU
		{21822412-A4CE-4A55-BD41-AAEA753753F1}.Release|x64.ActiveCfg = Release|Any CPU
		{21822412-A4CE-4A55-BD41-AAEA753753F1}.Release|x64.Build.0 = Release|Any CPU
		{21822412-A4CE-4A55-BD41-AAEA753753F1}.Release|x86.ActiveCfg = Release|Any CPU
		{21822412-A4CE-4A55-BD41-AAEA753753F1}.Release|x86.Build.0 = Release|Any CPU
		{BEC3CB3D-0E37-4857-89D7-17C20EF440EB}.Debug|Any CPU.ActiveCfg = Debug|Any CPU
		{BEC3CB3D-0E37-4857-89D7-17C20EF440EB}.Debug|Any CPU.Build.0 = Debug|Any CPU
		{BEC3CB3D-0E37-4857-89D7-17C20EF440EB}.Debug|x64.ActiveCfg = Debug|Any CPU
		{BEC3CB3D-0E37-4857-89D7-17C20EF440EB}.Debug|x64.Build.0 = Debug|Any CPU
		{BEC3CB3D-0E37-4857-89D7-17C20EF440EB}.Debug|x86.ActiveCfg = Debug|Any CPU
		{BEC3CB3D-0E37-4857-89D7-17C20EF440EB}.Debug|x86.Build.0 = Debug|Any CPU
		{BEC3CB3D-0E37-4857-89D7-17C20EF440EB}.Release|Any CPU.ActiveCfg = Release|Any CPU
		{BEC3CB3D-0E37-4857-89D7-17C20EF440EB}.Release|Any CPU.Build.0 = Release|Any CPU
		{BEC3CB3D-0E37-4857-89D7-17C20EF440EB}.Release|x64.ActiveCfg = Release|Any CPU
		{BEC3CB3D-0E37-4857-89D7-17C20EF440EB}.Release|x64.Build.0 = Release|Any CPU
		{BEC3CB3D-0E37-4857-89D7-17C20EF440EB}.Release|x86.ActiveCfg = Release|Any CPU
		{BEC3CB3D-0E37-4857-89D7-17C20EF440EB}.Release|x86.Build.0 = Release|Any CPU
		{B5A4FB1B-FF88-4EB8-95F0-BCE4ED52E020}.Debug|Any CPU.ActiveCfg = Debug|Any CPU
		{B5A4FB1B-FF88-4EB8-95F0-BCE4ED52E020}.Debug|Any CPU.Build.0 = Debug|Any CPU
		{B5A4FB1B-FF88-4EB8-95F0-BCE4ED52E020}.Debug|x64.ActiveCfg = Debug|x64
		{B5A4FB1B-FF88-4EB8-95F0-BCE4ED52E020}.Debug|x64.Build.0 = Debug|x64
		{B5A4FB1B-FF88-4EB8-95F0-BCE4ED52E020}.Debug|x86.ActiveCfg = Debug|x86
		{B5A4FB1B-FF88-4EB8-95F0-BCE4ED52E020}.Debug|x86.Build.0 = Debug|x86
		{B5A4FB1B-FF88-4EB8-95F0-BCE4ED52E020}.Release|Any CPU.ActiveCfg = Release|Any CPU
		{B5A4FB1B-FF88-4EB8-95F0-BCE4ED52E020}.Release|Any CPU.Build.0 = Release|Any CPU
		{B5A4FB1B-FF88-4EB8-95F0-BCE4ED52E020}.Release|x64.ActiveCfg = Release|x64
		{B5A4FB1B-FF88-4EB8-95F0-BCE4ED52E020}.Release|x64.Build.0 = Release|x64
		{B5A4FB1B-FF88-4EB8-95F0-BCE4ED52E020}.Release|x86.ActiveCfg = Release|x86
		{B5A4FB1B-FF88-4EB8-95F0-BCE4ED52E020}.Release|x86.Build.0 = Release|x86
		{2FFD495B-2ECA-49A5-983B-F2E10D64830E}.Debug|Any CPU.ActiveCfg = Debug|Any CPU
		{2FFD495B-2ECA-49A5-983B-F2E10D64830E}.Debug|Any CPU.Build.0 = Debug|Any CPU
		{2FFD495B-2ECA-49A5-983B-F2E10D64830E}.Debug|x64.ActiveCfg = Debug|Any CPU
		{2FFD495B-2ECA-49A5-983B-F2E10D64830E}.Debug|x64.Build.0 = Debug|Any CPU
		{2FFD495B-2ECA-49A5-983B-F2E10D64830E}.Debug|x86.ActiveCfg = Debug|Any CPU
		{2FFD495B-2ECA-49A5-983B-F2E10D64830E}.Debug|x86.Build.0 = Debug|Any CPU
		{2FFD495B-2ECA-49A5-983B-F2E10D64830E}.Release|Any CPU.ActiveCfg = Release|Any CPU
		{2FFD495B-2ECA-49A5-983B-F2E10D64830E}.Release|Any CPU.Build.0 = Release|Any CPU
		{2FFD495B-2ECA-49A5-983B-F2E10D64830E}.Release|x64.ActiveCfg = Release|Any CPU
		{2FFD495B-2ECA-49A5-983B-F2E10D64830E}.Release|x64.Build.0 = Release|Any CPU
		{2FFD495B-2ECA-49A5-983B-F2E10D64830E}.Release|x86.ActiveCfg = Release|Any CPU
		{2FFD495B-2ECA-49A5-983B-F2E10D64830E}.Release|x86.Build.0 = Release|Any CPU
		{A5A7480D-94AE-499F-B2E9-ACE1FAD2D54C}.Debug|Any CPU.ActiveCfg = Debug|Any CPU
		{A5A7480D-94AE-499F-B2E9-ACE1FAD2D54C}.Debug|Any CPU.Build.0 = Debug|Any CPU
		{A5A7480D-94AE-499F-B2E9-ACE1FAD2D54C}.Debug|x64.ActiveCfg = Debug|Any CPU
		{A5A7480D-94AE-499F-B2E9-ACE1FAD2D54C}.Debug|x64.Build.0 = Debug|Any CPU
		{A5A7480D-94AE-499F-B2E9-ACE1FAD2D54C}.Debug|x86.ActiveCfg = Debug|Any CPU
		{A5A7480D-94AE-499F-B2E9-ACE1FAD2D54C}.Debug|x86.Build.0 = Debug|Any CPU
		{A5A7480D-94AE-499F-B2E9-ACE1FAD2D54C}.Release|Any CPU.ActiveCfg = Release|Any CPU
		{A5A7480D-94AE-499F-B2E9-ACE1FAD2D54C}.Release|Any CPU.Build.0 = Release|Any CPU
		{A5A7480D-94AE-499F-B2E9-ACE1FAD2D54C}.Release|x64.ActiveCfg = Release|Any CPU
		{A5A7480D-94AE-499F-B2E9-ACE1FAD2D54C}.Release|x64.Build.0 = Release|Any CPU
		{A5A7480D-94AE-499F-B2E9-ACE1FAD2D54C}.Release|x86.ActiveCfg = Release|Any CPU
		{A5A7480D-94AE-499F-B2E9-ACE1FAD2D54C}.Release|x86.Build.0 = Release|Any CPU
		{437E12AB-46F3-4A75-A3D5-6C524B5A79B5}.Debug|Any CPU.ActiveCfg = Debug|Any CPU
		{437E12AB-46F3-4A75-A3D5-6C524B5A79B5}.Debug|Any CPU.Build.0 = Debug|Any CPU
		{437E12AB-46F3-4A75-A3D5-6C524B5A79B5}.Debug|x64.ActiveCfg = Debug|Any CPU
		{437E12AB-46F3-4A75-A3D5-6C524B5A79B5}.Debug|x64.Build.0 = Debug|Any CPU
		{437E12AB-46F3-4A75-A3D5-6C524B5A79B5}.Debug|x86.ActiveCfg = Debug|x86
		{437E12AB-46F3-4A75-A3D5-6C524B5A79B5}.Debug|x86.Build.0 = Debug|x86
		{437E12AB-46F3-4A75-A3D5-6C524B5A79B5}.Release|Any CPU.ActiveCfg = Release|Any CPU
		{437E12AB-46F3-4A75-A3D5-6C524B5A79B5}.Release|Any CPU.Build.0 = Release|Any CPU
		{437E12AB-46F3-4A75-A3D5-6C524B5A79B5}.Release|x64.ActiveCfg = Release|Any CPU
		{437E12AB-46F3-4A75-A3D5-6C524B5A79B5}.Release|x64.Build.0 = Release|Any CPU
		{437E12AB-46F3-4A75-A3D5-6C524B5A79B5}.Release|x86.ActiveCfg = Release|x86
		{437E12AB-46F3-4A75-A3D5-6C524B5A79B5}.Release|x86.Build.0 = Release|x86
		{8A90A6CF-F673-4633-829A-8484EFDF14FE}.Debug|Any CPU.ActiveCfg = Debug|Any CPU
		{8A90A6CF-F673-4633-829A-8484EFDF14FE}.Debug|Any CPU.Build.0 = Debug|Any CPU
		{8A90A6CF-F673-4633-829A-8484EFDF14FE}.Debug|x64.ActiveCfg = Debug|Any CPU
		{8A90A6CF-F673-4633-829A-8484EFDF14FE}.Debug|x64.Build.0 = Debug|Any CPU
		{8A90A6CF-F673-4633-829A-8484EFDF14FE}.Debug|x86.ActiveCfg = Debug|Any CPU
		{8A90A6CF-F673-4633-829A-8484EFDF14FE}.Debug|x86.Build.0 = Debug|Any CPU
		{8A90A6CF-F673-4633-829A-8484EFDF14FE}.Release|Any CPU.ActiveCfg = Release|Any CPU
		{8A90A6CF-F673-4633-829A-8484EFDF14FE}.Release|Any CPU.Build.0 = Release|Any CPU
		{8A90A6CF-F673-4633-829A-8484EFDF14FE}.Release|x64.ActiveCfg = Release|Any CPU
		{8A90A6CF-F673-4633-829A-8484EFDF14FE}.Release|x64.Build.0 = Release|Any CPU
		{8A90A6CF-F673-4633-829A-8484EFDF14FE}.Release|x86.ActiveCfg = Release|Any CPU
		{8A90A6CF-F673-4633-829A-8484EFDF14FE}.Release|x86.Build.0 = Release|Any CPU
		{68E9ABE4-313F-4345-9A8E-6E80289651C5}.Debug|Any CPU.ActiveCfg = Debug|Any CPU
		{68E9ABE4-313F-4345-9A8E-6E80289651C5}.Debug|Any CPU.Build.0 = Debug|Any CPU
		{68E9ABE4-313F-4345-9A8E-6E80289651C5}.Debug|x64.ActiveCfg = Debug|Any CPU
		{68E9ABE4-313F-4345-9A8E-6E80289651C5}.Debug|x64.Build.0 = Debug|Any CPU
		{68E9ABE4-313F-4345-9A8E-6E80289651C5}.Debug|x86.ActiveCfg = Debug|Any CPU
		{68E9ABE4-313F-4345-9A8E-6E80289651C5}.Debug|x86.Build.0 = Debug|Any CPU
		{68E9ABE4-313F-4345-9A8E-6E80289651C5}.Release|Any CPU.ActiveCfg = Release|Any CPU
		{68E9ABE4-313F-4345-9A8E-6E80289651C5}.Release|Any CPU.Build.0 = Release|Any CPU
		{68E9ABE4-313F-4345-9A8E-6E80289651C5}.Release|x64.ActiveCfg = Release|Any CPU
		{68E9ABE4-313F-4345-9A8E-6E80289651C5}.Release|x64.Build.0 = Release|Any CPU
		{68E9ABE4-313F-4345-9A8E-6E80289651C5}.Release|x86.ActiveCfg = Release|Any CPU
		{68E9ABE4-313F-4345-9A8E-6E80289651C5}.Release|x86.Build.0 = Release|Any CPU
		{DDA3C8CB-C4A1-4511-AAD6-601B1C1F589A}.Debug|Any CPU.ActiveCfg = Debug|Any CPU
		{DDA3C8CB-C4A1-4511-AAD6-601B1C1F589A}.Debug|Any CPU.Build.0 = Debug|Any CPU
		{DDA3C8CB-C4A1-4511-AAD6-601B1C1F589A}.Debug|x64.ActiveCfg = Debug|Any CPU
		{DDA3C8CB-C4A1-4511-AAD6-601B1C1F589A}.Debug|x64.Build.0 = Debug|Any CPU
		{DDA3C8CB-C4A1-4511-AAD6-601B1C1F589A}.Debug|x86.ActiveCfg = Debug|Any CPU
		{DDA3C8CB-C4A1-4511-AAD6-601B1C1F589A}.Debug|x86.Build.0 = Debug|Any CPU
		{DDA3C8CB-C4A1-4511-AAD6-601B1C1F589A}.Release|Any CPU.ActiveCfg = Release|Any CPU
		{DDA3C8CB-C4A1-4511-AAD6-601B1C1F589A}.Release|Any CPU.Build.0 = Release|Any CPU
		{DDA3C8CB-C4A1-4511-AAD6-601B1C1F589A}.Release|x64.ActiveCfg = Release|Any CPU
		{DDA3C8CB-C4A1-4511-AAD6-601B1C1F589A}.Release|x64.Build.0 = Release|Any CPU
		{DDA3C8CB-C4A1-4511-AAD6-601B1C1F589A}.Release|x86.ActiveCfg = Release|Any CPU
		{DDA3C8CB-C4A1-4511-AAD6-601B1C1F589A}.Release|x86.Build.0 = Release|Any CPU
		{A1AE4114-496A-4FDC-BBAE-493CEE1FC224}.Debug|Any CPU.ActiveCfg = Debug|Any CPU
		{A1AE4114-496A-4FDC-BBAE-493CEE1FC224}.Debug|Any CPU.Build.0 = Debug|Any CPU
		{A1AE4114-496A-4FDC-BBAE-493CEE1FC224}.Debug|x64.ActiveCfg = Debug|Any CPU
		{A1AE4114-496A-4FDC-BBAE-493CEE1FC224}.Debug|x64.Build.0 = Debug|Any CPU
		{A1AE4114-496A-4FDC-BBAE-493CEE1FC224}.Debug|x86.ActiveCfg = Debug|Any CPU
		{A1AE4114-496A-4FDC-BBAE-493CEE1FC224}.Debug|x86.Build.0 = Debug|Any CPU
		{A1AE4114-496A-4FDC-BBAE-493CEE1FC224}.Release|Any CPU.ActiveCfg = Release|Any CPU
		{A1AE4114-496A-4FDC-BBAE-493CEE1FC224}.Release|Any CPU.Build.0 = Release|Any CPU
		{A1AE4114-496A-4FDC-BBAE-493CEE1FC224}.Release|x64.ActiveCfg = Release|Any CPU
		{A1AE4114-496A-4FDC-BBAE-493CEE1FC224}.Release|x64.Build.0 = Release|Any CPU
		{A1AE4114-496A-4FDC-BBAE-493CEE1FC224}.Release|x86.ActiveCfg = Release|Any CPU
		{A1AE4114-496A-4FDC-BBAE-493CEE1FC224}.Release|x86.Build.0 = Release|Any CPU
		{B48924E3-030E-41AA-BA7F-8E1A03F35549}.Debug|Any CPU.ActiveCfg = Debug|Any CPU
		{B48924E3-030E-41AA-BA7F-8E1A03F35549}.Debug|Any CPU.Build.0 = Debug|Any CPU
		{B48924E3-030E-41AA-BA7F-8E1A03F35549}.Debug|x64.ActiveCfg = Debug|Any CPU
		{B48924E3-030E-41AA-BA7F-8E1A03F35549}.Debug|x64.Build.0 = Debug|Any CPU
		{B48924E3-030E-41AA-BA7F-8E1A03F35549}.Debug|x86.ActiveCfg = Debug|Any CPU
		{B48924E3-030E-41AA-BA7F-8E1A03F35549}.Debug|x86.Build.0 = Debug|Any CPU
		{B48924E3-030E-41AA-BA7F-8E1A03F35549}.Release|Any CPU.ActiveCfg = Release|Any CPU
		{B48924E3-030E-41AA-BA7F-8E1A03F35549}.Release|Any CPU.Build.0 = Release|Any CPU
		{B48924E3-030E-41AA-BA7F-8E1A03F35549}.Release|x64.ActiveCfg = Release|Any CPU
		{B48924E3-030E-41AA-BA7F-8E1A03F35549}.Release|x64.Build.0 = Release|Any CPU
		{B48924E3-030E-41AA-BA7F-8E1A03F35549}.Release|x86.ActiveCfg = Release|Any CPU
		{B48924E3-030E-41AA-BA7F-8E1A03F35549}.Release|x86.Build.0 = Release|Any CPU
		{7FF0D036-B936-4127-A6D1-6EE247C5143D}.Debug|Any CPU.ActiveCfg = Debug|Any CPU
		{7FF0D036-B936-4127-A6D1-6EE247C5143D}.Debug|Any CPU.Build.0 = Debug|Any CPU
		{7FF0D036-B936-4127-A6D1-6EE247C5143D}.Debug|x64.ActiveCfg = Debug|Any CPU
		{7FF0D036-B936-4127-A6D1-6EE247C5143D}.Debug|x64.Build.0 = Debug|Any CPU
		{7FF0D036-B936-4127-A6D1-6EE247C5143D}.Debug|x86.ActiveCfg = Debug|Any CPU
		{7FF0D036-B936-4127-A6D1-6EE247C5143D}.Debug|x86.Build.0 = Debug|Any CPU
		{7FF0D036-B936-4127-A6D1-6EE247C5143D}.Release|Any CPU.ActiveCfg = Release|Any CPU
		{7FF0D036-B936-4127-A6D1-6EE247C5143D}.Release|Any CPU.Build.0 = Release|Any CPU
		{7FF0D036-B936-4127-A6D1-6EE247C5143D}.Release|x64.ActiveCfg = Release|Any CPU
		{7FF0D036-B936-4127-A6D1-6EE247C5143D}.Release|x64.Build.0 = Release|Any CPU
		{7FF0D036-B936-4127-A6D1-6EE247C5143D}.Release|x86.ActiveCfg = Release|Any CPU
		{7FF0D036-B936-4127-A6D1-6EE247C5143D}.Release|x86.Build.0 = Release|Any CPU
		{63CD2C3E-F5FE-499D-B414-635FC66C372D}.Debug|Any CPU.ActiveCfg = Debug|Any CPU
		{63CD2C3E-F5FE-499D-B414-635FC66C372D}.Debug|Any CPU.Build.0 = Debug|Any CPU
		{63CD2C3E-F5FE-499D-B414-635FC66C372D}.Debug|x64.ActiveCfg = Debug|Any CPU
		{63CD2C3E-F5FE-499D-B414-635FC66C372D}.Debug|x64.Build.0 = Debug|Any CPU
		{63CD2C3E-F5FE-499D-B414-635FC66C372D}.Debug|x86.ActiveCfg = Debug|Any CPU
		{63CD2C3E-F5FE-499D-B414-635FC66C372D}.Debug|x86.Build.0 = Debug|Any CPU
		{63CD2C3E-F5FE-499D-B414-635FC66C372D}.Release|Any CPU.ActiveCfg = Release|Any CPU
		{63CD2C3E-F5FE-499D-B414-635FC66C372D}.Release|Any CPU.Build.0 = Release|Any CPU
		{63CD2C3E-F5FE-499D-B414-635FC66C372D}.Release|x64.ActiveCfg = Release|Any CPU
		{63CD2C3E-F5FE-499D-B414-635FC66C372D}.Release|x64.Build.0 = Release|Any CPU
		{63CD2C3E-F5FE-499D-B414-635FC66C372D}.Release|x86.ActiveCfg = Release|Any CPU
		{63CD2C3E-F5FE-499D-B414-635FC66C372D}.Release|x86.Build.0 = Release|Any CPU
		{7809A26D-80CB-4842-8456-A12C56803CF9}.Debug|Any CPU.ActiveCfg = Debug|Any CPU
		{7809A26D-80CB-4842-8456-A12C56803CF9}.Debug|x64.ActiveCfg = Debug|Any CPU
		{7809A26D-80CB-4842-8456-A12C56803CF9}.Debug|x64.Build.0 = Debug|Any CPU
		{7809A26D-80CB-4842-8456-A12C56803CF9}.Debug|x86.ActiveCfg = Debug|Any CPU
		{7809A26D-80CB-4842-8456-A12C56803CF9}.Debug|x86.Build.0 = Debug|Any CPU
		{7809A26D-80CB-4842-8456-A12C56803CF9}.Release|Any CPU.ActiveCfg = Release|Any CPU
		{7809A26D-80CB-4842-8456-A12C56803CF9}.Release|x64.ActiveCfg = Release|Any CPU
		{7809A26D-80CB-4842-8456-A12C56803CF9}.Release|x64.Build.0 = Release|Any CPU
		{7809A26D-80CB-4842-8456-A12C56803CF9}.Release|x86.ActiveCfg = Release|Any CPU
		{7809A26D-80CB-4842-8456-A12C56803CF9}.Release|x86.Build.0 = Release|Any CPU
	EndGlobalSection
	GlobalSection(SolutionProperties) = preSolution
		HideSolutionNode = FALSE
	EndGlobalSection
	GlobalSection(NestedProjects) = preSolution
		{21822412-A4CE-4A55-BD41-AAEA753753F1} = {9839A9ED-8289-45BA-BA33-8FA985645E6C}
		{BEC3CB3D-0E37-4857-89D7-17C20EF440EB} = {9839A9ED-8289-45BA-BA33-8FA985645E6C}
		{2FFD495B-2ECA-49A5-983B-F2E10D64830E} = {D3EDF86D-8E06-407F-B207-A0A435990963}
		{A5A7480D-94AE-499F-B2E9-ACE1FAD2D54C} = {D3EDF86D-8E06-407F-B207-A0A435990963}
		{68E9ABE4-313F-4345-9A8E-6E80289651C5} = {9839A9ED-8289-45BA-BA33-8FA985645E6C}
		{7FF0D036-B936-4127-A6D1-6EE247C5143D} = {6DE3B489-EC17-42DF-ABC8-BA07E5EEB34F}
	EndGlobalSection
	GlobalSection(ExtensibilityGlobals) = postSolution
		SolutionGuid = {1D07A243-78E6-48BB-93AD-9540512E1CA5}
	EndGlobalSection
EndGlobal
